// !$*UTF8*$!
{
	archiveVersion = 1;
	classes = {
	};
	objectVersion = 46;
	objects = {

/* Begin PBXBuildFile section */
		91A2A87C1AD86CF80041B55D /* AppDelegate.swift in Sources */ = {isa = PBXBuildFile; fileRef = 91A2A87B1AD86CF80041B55D /* AppDelegate.swift */; };
		91A2A87E1AD86CF80041B55D /* ViewController.swift in Sources */ = {isa = PBXBuildFile; fileRef = 91A2A87D1AD86CF80041B55D /* ViewController.swift */; };
		91A2A8811AD86CF80041B55D /* Main.storyboard in Resources */ = {isa = PBXBuildFile; fileRef = 91A2A87F1AD86CF80041B55D /* Main.storyboard */; };
		91A2A8831AD86CF80041B55D /* Images.xcassets in Resources */ = {isa = PBXBuildFile; fileRef = 91A2A8821AD86CF80041B55D /* Images.xcassets */; };
		91A2A8861AD86CF80041B55D /* LaunchScreen.xib in Resources */ = {isa = PBXBuildFile; fileRef = 91A2A8841AD86CF80041B55D /* LaunchScreen.xib */; };
		91A2A8921AD86CF80041B55D /* HornHonkinTests.swift in Sources */ = {isa = PBXBuildFile; fileRef = 91A2A8911AD86CF80041B55D /* HornHonkinTests.swift */; };
/* End PBXBuildFile section */

/* Begin PBXContainerItemProxy section */
		91A2A88C1AD86CF80041B55D /* PBXContainerItemProxy */ = {
			isa = PBXContainerItemProxy;
			containerPortal = 91A2A86E1AD86CF80041B55D /* Project object */;
			proxyType = 1;
			remoteGlobalIDString = 91A2A8751AD86CF80041B55D;
			remoteInfo = HornHonkin;
		};
/* End PBXContainerItemProxy section */

/* Begin PBXFileReference section */
		91A2A8761AD86CF80041B55D /* HornHonkin.app */ = {isa = PBXFileReference; explicitFileType = wrapper.application; includeInIndex = 0; path = HornHonkin.app; sourceTree = BUILT_PRODUCTS_DIR; };
		91A2A87A1AD86CF80041B55D /* Info.plist */ = {isa = PBXFileReference; lastKnownFileType = text.plist.xml; path = Info.plist; sourceTree = "<group>"; };
		91A2A87B1AD86CF80041B55D /* AppDelegate.swift */ = {isa = PBXFileReference; lastKnownFileType = sourcecode.swift; path = AppDelegate.swift; sourceTree = "<group>"; };
		91A2A87D1AD86CF80041B55D /* ViewController.swift */ = {isa = PBXFileReference; lastKnownFileType = sourcecode.swift; path = ViewController.swift; sourceTree = "<group>"; };
		91A2A8801AD86CF80041B55D /* Base */ = {isa = PBXFileReference; lastKnownFileType = file.storyboard; name = Base; path = Base.lproj/Main.storyboard; sourceTree = "<group>"; };
		91A2A8821AD86CF80041B55D /* Images.xcassets */ = {isa = PBXFileReference; lastKnownFileType = folder.assetcatalog; path = Images.xcassets; sourceTree = "<group>"; };
		91A2A8851AD86CF80041B55D /* Base */ = {isa = PBXFileReference; lastKnownFileType = file.xib; name = Base; path = Base.lproj/LaunchScreen.xib; sourceTree = "<group>"; };
		91A2A88B1AD86CF80041B55D /* HornHonkinTests.xctest */ = {isa = PBXFileReference; explicitFileType = wrapper.cfbundle; includeInIndex = 0; path = HornHonkinTests.xctest; sourceTree = BUILT_PRODUCTS_DIR; };
		91A2A8901AD86CF80041B55D /* Info.plist */ = {isa = PBXFileReference; lastKnownFileType = text.plist.xml; path = Info.plist; sourceTree = "<group>"; };
		91A2A8911AD86CF80041B55D /* HornHonkinTests.swift */ = {isa = PBXFileReference; lastKnownFileType = sourcecode.swift; path = HornHonkinTests.swift; sourceTree = "<group>"; };
/* End PBXFileReference section */

/* Begin PBXFrameworksBuildPhase section */
		91A2A8731AD86CF80041B55D /* Frameworks */ = {
			isa = PBXFrameworksBuildPhase;
			buildActionMask = 2147483647;
			files = (
			);
			runOnlyForDeploymentPostprocessing = 0;
		};
		91A2A8881AD86CF80041B55D /* Frameworks */ = {
			isa = PBXFrameworksBuildPhase;
			buildActionMask = 2147483647;
			files = (
			);
			runOnlyForDeploymentPostprocessing = 0;
		};
/* End PBXFrameworksBuildPhase section */

/* Begin PBXGroup section */
		91A2A86D1AD86CF80041B55D = {
			isa = PBXGroup;
			children = (
				91A2A8781AD86CF80041B55D /* HornHonkin */,
				91A2A88E1AD86CF80041B55D /* HornHonkinTests */,
				91A2A8771AD86CF80041B55D /* Products */,
			);
			sourceTree = "<group>";
		};
		91A2A8771AD86CF80041B55D /* Products */ = {
			isa = PBXGroup;
			children = (
				91A2A8761AD86CF80041B55D /* HornHonkin.app */,
				91A2A88B1AD86CF80041B55D /* HornHonkinTests.xctest */,
			);
			name = Products;
			sourceTree = "<group>";
		};
		91A2A8781AD86CF80041B55D /* HornHonkin */ = {
			isa = PBXGroup;
			children = (
				91A2A87B1AD86CF80041B55D /* AppDelegate.swift */,
				91A2A87D1AD86CF80041B55D /* ViewController.swift */,
				91A2A87F1AD86CF80041B55D /* Main.storyboard */,
				91A2A8821AD86CF80041B55D /* Images.xcassets */,
				91A2A8841AD86CF80041B55D /* LaunchScreen.xib */,
				91A2A8791AD86CF80041B55D /* Supporting Files */,
			);
			path = HornHonkin;
			sourceTree = "<group>";
		};
		91A2A8791AD86CF80041B55D /* Supporting Files */ = {
			isa = PBXGroup;
			children = (
				91A2A87A1AD86CF80041B55D /* Info.plist */,
			);
			name = "Supporting Files";
			sourceTree = "<group>";
		};
		91A2A88E1AD86CF80041B55D /* HornHonkinTests */ = {
			isa = PBXGroup;
			children = (
				91A2A8911AD86CF80041B55D /* HornHonkinTests.swift */,
				91A2A88F1AD86CF80041B55D /* Supporting Files */,
			);
			path = HornHonkinTests;
			sourceTree = "<group>";
		};
		91A2A88F1AD86CF80041B55D /* Supporting Files */ = {
			isa = PBXGroup;
			children = (
				91A2A8901AD86CF80041B55D /* Info.plist */,
			);
			name = "Supporting Files";
			sourceTree = "<group>";
		};
/* End PBXGroup section */

/* Begin PBXNativeTarget section */
		91A2A8751AD86CF80041B55D /* HornHonkin */ = {
			isa = PBXNativeTarget;
			buildConfigurationList = 91A2A8951AD86CF80041B55D /* Build configuration list for PBXNativeTarget "HornHonkin" */;
			buildPhases = (
				91A2A8721AD86CF80041B55D /* Sources */,
				91A2A8731AD86CF80041B55D /* Frameworks */,
				91A2A8741AD86CF80041B55D /* Resources */,
			);
			buildRules = (
			);
			dependencies = (
			);
			name = HornHonkin;
			productName = HornHonkin;
			productReference = 91A2A8761AD86CF80041B55D /* HornHonkin.app */;
			productType = "com.apple.product-type.application";
		};
		91A2A88A1AD86CF80041B55D /* HornHonkinTests */ = {
			isa = PBXNativeTarget;
			buildConfigurationList = 91A2A8981AD86CF80041B55D /* Build configuration list for PBXNativeTarget "HornHonkinTests" */;
			buildPhases = (
				91A2A8871AD86CF80041B55D /* Sources */,
				91A2A8881AD86CF80041B55D /* Frameworks */,
				91A2A8891AD86CF80041B55D /* Resources */,
			);
			buildRules = (
			);
			dependencies = (
				91A2A88D1AD86CF80041B55D /* PBXTargetDependency */,
			);
			name = HornHonkinTests;
			productName = HornHonkinTests;
			productReference = 91A2A88B1AD86CF80041B55D /* HornHonkinTests.xctest */;
			productType = "com.apple.product-type.bundle.unit-test";
		};
/* End PBXNativeTarget section */

/* Begin PBXProject section */
		91A2A86E1AD86CF80041B55D /* Project object */ = {
			isa = PBXProject;
			attributes = {
				LastUpgradeCheck = 0630;
				ORGANIZATIONNAME = "Aaron Bradley";
				TargetAttributes = {
					91A2A8751AD86CF80041B55D = {
						CreatedOnToolsVersion = 6.3;
					};
					91A2A88A1AD86CF80041B55D = {
						CreatedOnToolsVersion = 6.3;
						TestTargetID = 91A2A8751AD86CF80041B55D;
					};
				};
			};
			buildConfigurationList = 91A2A8711AD86CF80041B55D /* Build configuration list for PBXProject "HornHonkin" */;
			compatibilityVersion = "Xcode 3.2";
			developmentRegion = English;
			hasScannedForEncodings = 0;
			knownRegions = (
				en,
				Base,
			);
			mainGroup = 91A2A86D1AD86CF80041B55D;
			productRefGroup = 91A2A8771AD86CF80041B55D /* Products */;
			projectDirPath = "";
			projectRoot = "";
			targets = (
				91A2A8751AD86CF80041B55D /* HornHonkin */,
				91A2A88A1AD86CF80041B55D /* HornHonkinTests */,
			);
		};
/* End PBXProject section */

/* Begin PBXResourcesBuildPhase section */
		91A2A8741AD86CF80041B55D /* Resources */ = {
			isa = PBXResourcesBuildPhase;
			buildActionMask = 2147483647;
			files = (
				91A2A8811AD86CF80041B55D /* Main.storyboard in Resources */,
				91A2A8861AD86CF80041B55D /* LaunchScreen.xib in Resources */,
				91A2A8831AD86CF80041B55D /* Images.xcassets in Resources */,
			);
			runOnlyForDeploymentPostprocessing = 0;
		};
		91A2A8891AD86CF80041B55D /* Resources */ = {
			isa = PBXResourcesBuildPhase;
			buildActionMask = 2147483647;
			files = (
			);
			runOnlyForDeploymentPostprocessing = 0;
		};
/* End PBXResourcesBuildPhase section */

/* Begin PBXSourcesBuildPhase section */
		91A2A8721AD86CF80041B55D /* Sources */ = {
			isa = PBXSourcesBuildPhase;
			buildActionMask = 2147483647;
			files = (
				91A2A87E1AD86CF80041B55D /* ViewController.swift in Sources */,
				91A2A87C1AD86CF80041B55D /* AppDelegate.swift in Sources */,
			);
			runOnlyForDeploymentPostprocessing = 0;
		};
		91A2A8871AD86CF80041B55D /* Sources */ = {
			isa = PBXSourcesBuildPhase;
			buildActionMask = 2147483647;
			files = (
				91A2A8921AD86CF80041B55D /* HornHonkinTests.swift in Sources */,
			);
			runOnlyForDeploymentPostprocessing = 0;
		};
/* End PBXSourcesBuildPhase section */

/* Begin PBXTargetDependency section */
		91A2A88D1AD86CF80041B55D /* PBXTargetDependency */ = {
			isa = PBXTargetDependency;
			target = 91A2A8751AD86CF80041B55D /* HornHonkin */;
			targetProxy = 91A2A88C1AD86CF80041B55D /* PBXContainerItemProxy */;
		};
/* End PBXTargetDependency section */

/* Begin PBXVariantGroup section */
		91A2A87F1AD86CF80041B55D /* Main.storyboard */ = {
			isa = PBXVariantGroup;
			children = (
				91A2A8801AD86CF80041B55D /* Base */,
			);
			name = Main.storyboard;
			sourceTree = "<group>";
		};
		91A2A8841AD86CF80041B55D /* LaunchScreen.xib */ = {
			isa = PBXVariantGroup;
			children = (
				91A2A8851AD86CF80041B55D /* Base */,
			);
			name = LaunchScreen.xib;
			sourceTree = "<group>";
		};
/* End PBXVariantGroup section */

/* Begin XCBuildConfiguration section */
		91A2A8931AD86CF80041B55D /* Debug */ = {
			isa = XCBuildConfiguration;
			buildSettings = {
				ALWAYS_SEARCH_USER_PATHS = NO;
				CLANG_CXX_LANGUAGE_STANDARD = "gnu++0x";
				CLANG_CXX_LIBRARY = "libc++";
				CLANG_ENABLE_MODULES = YES;
				CLANG_ENABLE_OBJC_ARC = YES;
				CLANG_WARN_BOOL_CONVERSION = YES;
				CLANG_WARN_CONSTANT_CONVERSION = YES;
				CLANG_WARN_DIRECT_OBJC_ISA_USAGE = YES_ERROR;
				CLANG_WARN_EMPTY_BODY = YES;
				CLANG_WARN_ENUM_CONVERSION = YES;
				CLANG_WARN_INT_CONVERSION = YES;
				CLANG_WARN_OBJC_ROOT_CLASS = YES_ERROR;
				CLANG_WARN_UNREACHABLE_CODE = YES;
				CLANG_WARN__DUPLICATE_METHOD_MATCH = YES;
				"CODE_SIGN_IDENTITY[sdk=iphoneos*]" = "iPhone Developer";
				COPY_PHASE_STRIP = NO;
				DEBUG_INFORMATION_FORMAT = "dwarf-with-dsym";
				ENABLE_STRICT_OBJC_MSGSEND = YES;
				GCC_C_LANGUAGE_STANDARD = gnu99;
				GCC_DYNAMIC_NO_PIC = NO;
				GCC_NO_COMMON_BLOCKS = YES;
				GCC_OPTIMIZATION_LEVEL = 0;
				GCC_PREPROCESSOR_DEFINITIONS = (
					"DEBUG=1",
					"$(inherited)",
				);
				GCC_SYMBOLS_PRIVATE_EXTERN = NO;
				GCC_WARN_64_TO_32_BIT_CONVERSION = YES;
				GCC_WARN_ABOUT_RETURN_TYPE = YES_ERROR;
				GCC_WARN_UNDECLARED_SELECTOR = YES;
				GCC_WARN_UNINITIALIZED_AUTOS = YES_AGGRESSIVE;
				GCC_WARN_UNUSED_FUNCTION = YES;
				GCC_WARN_UNUSED_VARIABLE = YES;
				IPHONEOS_DEPLOYMENT_TARGET = 8.3;
				MTL_ENABLE_DEBUG_INFO = YES;
				ONLY_ACTIVE_ARCH = YES;
				SDKROOT = iphoneos;
				SWIFT_OPTIMIZATION_LEVEL = "-Onone";
			};
			name = Debug;
		};
		91A2A8941AD86CF80041B55D /* Release */ = {
			isa = XCBuildConfiguration;
			buildSettings = {
				ALWAYS_SEARCH_USER_PATHS = NO;
				CLANG_CXX_LANGUAGE_STANDARD = "gnu++0x";
				CLANG_CXX_LIBRARY = "libc++";
				CLANG_ENABLE_MODULES = YES;
				CLANG_ENABLE_OBJC_ARC = YES;
				CLANG_WARN_BOOL_CONVERSION = YES;
				CLANG_WARN_CONSTANT_CONVERSION = YES;
				CLANG_WARN_DIRECT_OBJC_ISA_USAGE = YES_ERROR;
				CLANG_WARN_EMPTY_BODY = YES;
				CLANG_WARN_ENUM_CONVERSION = YES;
				CLANG_WARN_INT_CONVERSION = YES;
				CLANG_WARN_OBJC_ROOT_CLASS = YES_ERROR;
				CLANG_WARN_UNREACHABLE_CODE = YES;
				CLANG_WARN__DUPLICATE_METHOD_MATCH = YES;
				"CODE_SIGN_IDENTITY[sdk=iphoneos*]" = "iPhone Developer";
				COPY_PHASE_STRIP = NO;
				DEBUG_INFORMATION_FORMAT = "dwarf-with-dsym";
				ENABLE_NS_ASSERTIONS = NO;
				ENABLE_STRICT_OBJC_MSGSEND = YES;
				GCC_C_LANGUAGE_STANDARD = gnu99;
				GCC_NO_COMMON_BLOCKS = YES;
				GCC_WARN_64_TO_32_BIT_CONVERSION = YES;
				GCC_WARN_ABOUT_RETURN_TYPE = YES_ERROR;
				GCC_WARN_UNDECLARED_SELECTOR = YES;
				GCC_WARN_UNINITIALIZED_AUTOS = YES_AGGRESSIVE;
				GCC_WARN_UNUSED_FUNCTION = YES;
				GCC_WARN_UNUSED_VARIABLE = YES;
				IPHONEOS_DEPLOYMENT_TARGET = 8.3;
				MTL_ENABLE_DEBUG_INFO = NO;
				SDKROOT = iphoneos;
				VALIDATE_PRODUCT = YES;
			};
			name = Release;
		};
		91A2A8961AD86CF80041B55D /* Debug */ = {
			isa = XCBuildConfiguration;
			buildSettings = {
				ASSETCATALOG_COMPILER_APPICON_NAME = AppIcon;
				INFOPLIST_FILE = HornHonkin/Info.plist;
				LD_RUNPATH_SEARCH_PATHS = "$(inherited) @executable_path/Frameworks";
				PRODUCT_NAME = "$(TARGET_NAME)";
			};
			name = Debug;
		};
		91A2A8971AD86CF80041B55D /* Release */ = {
			isa = XCBuildConfiguration;
			buildSettings = {
				ASSETCATALOG_COMPILER_APPICON_NAME = AppIcon;
				INFOPLIST_FILE = HornHonkin/Info.plist;
				LD_RUNPATH_SEARCH_PATHS = "$(inherited) @executable_path/Frameworks";
				PRODUCT_NAME = "$(TARGET_NAME)";
			};
			name = Release;
		};
		91A2A8991AD86CF80041B55D /* Debug */ = {
			isa = XCBuildConfiguration;
			buildSettings = {
				BUNDLE_LOADER = "$(TEST_HOST)";
				FRAMEWORK_SEARCH_PATHS = (
					"$(SDKROOT)/Developer/Library/Frameworks",
					"$(inherited)",
				);
				GCC_PREPROCESSOR_DEFINITIONS = (
					"DEBUG=1",
					"$(inherited)",
				);
				INFOPLIST_FILE = HornHonkinTests/Info.plist;
				LD_RUNPATH_SEARCH_PATHS = "$(inherited) @executable_path/Frameworks @loader_path/Frameworks";
				PRODUCT_NAME = "$(TARGET_NAME)";
				TEST_HOST = "$(BUILT_PRODUCTS_DIR)/HornHonkin.app/HornHonkin";
			};
			name = Debug;
		};
		91A2A89A1AD86CF80041B55D /* Release */ = {
			isa = XCBuildConfiguration;
			buildSettings = {
				BUNDLE_LOADER = "$(TEST_HOST)";
				FRAMEWORK_SEARCH_PATHS = (
					"$(SDKROOT)/Developer/Library/Frameworks",
					"$(inherited)",
				);
				INFOPLIST_FILE = HornHonkinTests/Info.plist;
				LD_RUNPATH_SEARCH_PATHS = "$(inherited) @executable_path/Frameworks @loader_path/Frameworks";
				PRODUCT_NAME = "$(TARGET_NAME)";
				TEST_HOST = "$(BUILT_PRODUCTS_DIR)/HornHonkin.app/HornHonkin";
			};
			name = Release;
		};
/* End XCBuildConfiguration section */

/* Begin XCConfigurationList section */
		91A2A8711AD86CF80041B55D /* Build configuration list for PBXProject "HornHonkin" */ = {
			isa = XCConfigurationList;
			buildConfigurations = (
				91A2A8931AD86CF80041B55D /* Debug */,
				91A2A8941AD86CF80041B55D /* Release */,
			);
			defaultConfigurationIsVisible = 0;
			defaultConfigurationName = Release;
		};
		91A2A8951AD86CF80041B55D /* Build configuration list for PBXNativeTarget "HornHonkin" */ = {
			isa = XCConfigurationList;
			buildConfigurations = (
				91A2A8961AD86CF80041B55D /* Debug */,
				91A2A8971AD86CF80041B55D /* Release */,
			);
			defaultConfigurationIsVisible = 0;
		};
		91A2A8981AD86CF80041B55D /* Build configuration list for PBXNativeTarget "HornHonkinTests" */ = {
			isa = XCConfigurationList;
			buildConfigurations = (
				91A2A8991AD86CF80041B55D /* Debug */,
				91A2A89A1AD86CF80041B55D /* Release */,
			);
			defaultConfigurationIsVisible = 0;
		};
/* End XCConfigurationList section */
	};
	rootObject = 91A2A86E1AD86CF80041B55D /* Project object */;
}
